
Microsoft Visual Studio Solution File, Format Version 12.00
# Visual Studio Version 17
VisualStudioVersion = 17.12.35527.113
MinimumVisualStudioVersion = 10.0.40219.1
Project("{FAE04EC0-301F-11D3-BF4B-00C04F79EFBC}") = "GeometryLib", "GeometryLib\GeometryLib.csproj", "{314E3126-846D-4B37-9E81-C1B8FEACF5BD}"
EndProject
Project("{FAE04EC0-301F-11D3-BF4B-00C04F79EFBC}") = "MeshLib", "MeshLib\MeshLib.csproj", "{797B4D13-7C5E-4357-A869-981D201D3081}"
EndProject
Project("{FAE04EC0-301F-11D3-BF4B-00C04F79EFBC}") = "GeometryLibTests", "GeometryLibTests\GeometryLibTests.csproj", "{F3B12A68-279F-4F78-8079-3575821A44CF}"
EndProject
Global
	GlobalSection(SolutionConfigurationPlatforms) = preSolution
		Debug|Any CPU = Debug|Any CPU
		Release|Any CPU = Release|Any CPU
	EndGlobalSection
	GlobalSection(ProjectConfigurationPlatforms) = postSolution
		{314E3126-846D-4B37-9E81-C1B8FEACF5BD}.Debug|Any CPU.ActiveCfg = Debug|Any CPU
		{314E3126-846D-4B37-9E81-C1B8FEACF5BD}.Debug|Any CPU.Build.0 = Debug|Any CPU
		{314E3126-846D-4B37-9E81-C1B8FEACF5BD}.Release|Any CPU.ActiveCfg = Release|Any CPU
		{314E3126-846D-4B37-9E81-C1B8FEACF5BD}.Release|Any CPU.Build.0 = Release|Any CPU
		{797B4D13-7C5E-4357-A869-981D201D3081}.Debug|Any CPU.ActiveCfg = Debug|Any CPU
		{797B4D13-7C5E-4357-A869-981D201D3081}.Debug|Any CPU.Build.0 = Debug|Any CPU
		{797B4D13-7C5E-4357-A869-981D201D3081}.Release|Any CPU.ActiveCfg = Release|Any CPU
		{797B4D13-7C5E-4357-A869-981D201D3081}.Release|Any CPU.Build.0 = Release|Any CPU
		{F3B12A68-279F-4F78-8079-3575821A44CF}.Debug|Any CPU.ActiveCfg = Debug|Any CPU
		{F3B12A68-279F-4F78-8079-3575821A44CF}.Debug|Any CPU.Build.0 = Debug|Any CPU
		{F3B12A68-279F-4F78-8079-3575821A44CF}.Release|Any CPU.ActiveCfg = Release|Any CPU
		{F3B12A68-279F-4F78-8079-3575821A44CF}.Release|Any CPU.Build.0 = Release|Any CPU
	EndGlobalSection
	GlobalSection(SolutionProperties) = preSolution
		HideSolutionNode = FALSE
	EndGlobalSection
EndGlobal
